
Microsoft Visual Studio Solution File, Format Version 12.00
# Visual Studio Version 17
VisualStudioVersion = 17.2.32505.173
MinimumVisualStudioVersion = 10.0.40219.1
Project("{FAE04EC0-301F-11D3-BF4B-00C04F79EFBC}") = "TestApp", "TestApp\TestApp.csproj", "{870E60B5-7F2E-48BF-A1DC-C2EC92035140}"
EndProject
Project("{FAE04EC0-301F-11D3-BF4B-00C04F79EFBC}") = "Entities", "EntitiesNew\Entities.csproj", "{84E8792E-4AA2-4E07-8E52-5A9137F3B31D}"
EndProject
Project("{FAE04EC0-301F-11D3-BF4B-00C04F79EFBC}") = "BusinessLogicLayer", "BusinessLogicLayerNew\BusinessLogicLayer.csproj", "{C01C701C-6047-49CE-A62A-5D4AAD598F09}"
EndProject
Project("{FAE04EC0-301F-11D3-BF4B-00C04F79EFBC}") = "DataAccessLayer", "DataAccessLayerNew\DataAccessLayer.csproj", "{6C33B1F4-A558-4130-842E-B3F88750172D}"
EndProject
Project("{FAE04EC0-301F-11D3-BF4B-00C04F79EFBC}") = "TestCore", "TestCore\TestCore.csproj", "{043AB187-B60E-43E3-A33D-3993135BDBB9}"
EndProject
Global
	GlobalSection(SolutionConfigurationPlatforms) = preSolution
		Debug|Any CPU = Debug|Any CPU
		Release|Any CPU = Release|Any CPU
	EndGlobalSection
	GlobalSection(ProjectConfigurationPlatforms) = postSolution
		{870E60B5-7F2E-48BF-A1DC-C2EC92035140}.Debug|Any CPU.ActiveCfg = Debug|Any CPU
		{870E60B5-7F2E-48BF-A1DC-C2EC92035140}.Debug|Any CPU.Build.0 = Debug|Any CPU
		{870E60B5-7F2E-48BF-A1DC-C2EC92035140}.Release|Any CPU.ActiveCfg = Release|Any CPU
		{870E60B5-7F2E-48BF-A1DC-C2EC92035140}.Release|Any CPU.Build.0 = Release|Any CPU
		{84E8792E-4AA2-4E07-8E52-5A9137F3B31D}.Debug|Any CPU.ActiveCfg = Debug|Any CPU
		{84E8792E-4AA2-4E07-8E52-5A9137F3B31D}.Debug|Any CPU.Build.0 = Debug|Any CPU
		{84E8792E-4AA2-4E07-8E52-5A9137F3B31D}.Release|Any CPU.ActiveCfg = Release|Any CPU
		{84E8792E-4AA2-4E07-8E52-5A9137F3B31D}.Release|Any CPU.Build.0 = Release|Any CPU
		{C01C701C-6047-49CE-A62A-5D4AAD598F09}.Debug|Any CPU.ActiveCfg = Debug|Any CPU
		{C01C701C-6047-49CE-A62A-5D4AAD598F09}.Debug|Any CPU.Build.0 = Debug|Any CPU
		{C01C701C-6047-49CE-A62A-5D4AAD598F09}.Release|Any CPU.ActiveCfg = Release|Any CPU
		{C01C701C-6047-49CE-A62A-5D4AAD598F09}.Release|Any CPU.Build.0 = Release|Any CPU
		{6C33B1F4-A558-4130-842E-B3F88750172D}.Debug|Any CPU.ActiveCfg = Debug|Any CPU
		{6C33B1F4-A558-4130-842E-B3F88750172D}.Debug|Any CPU.Build.0 = Debug|Any CPU
		{6C33B1F4-A558-4130-842E-B3F88750172D}.Release|Any CPU.ActiveCfg = Release|Any CPU
		{6C33B1F4-A558-4130-842E-B3F88750172D}.Release|Any CPU.Build.0 = Release|Any CPU
		{043AB187-B60E-43E3-A33D-3993135BDBB9}.Debug|Any CPU.ActiveCfg = Debug|Any CPU
		{043AB187-B60E-43E3-A33D-3993135BDBB9}.Debug|Any CPU.Build.0 = Debug|Any CPU
		{043AB187-B60E-43E3-A33D-3993135BDBB9}.Release|Any CPU.ActiveCfg = Release|Any CPU
		{043AB187-B60E-43E3-A33D-3993135BDBB9}.Release|Any CPU.Build.0 = Release|Any CPU
	EndGlobalSection
	GlobalSection(SolutionProperties) = preSolution
		HideSolutionNode = FALSE
	EndGlobalSection
	GlobalSection(ExtensibilityGlobals) = postSolution
		SolutionGuid = {86C4772A-EF25-44AF-903E-855E215FE890}
	EndGlobalSection
EndGlobal
